
Microsoft Visual Studio Solution File, Format Version 12.00
# Visual Studio Version 17
VisualStudioVersion = 17.3.32929.385
MinimumVisualStudioVersion = 10.0.40219.1
Project("{FAE04EC0-301F-11D3-BF4B-00C04F79EFBC}") = "Owner.API", "Owner.API\Owner.API.csproj", "{AA3FC5EE-61B0-4CC9-8C0C-FA30A55D123A}"
EndProject
Global
	GlobalSection(SolutionConfigurationPlatforms) = preSolution
		Debug|Any CPU = Debug|Any CPU
		Release|Any CPU = Release|Any CPU
	EndGlobalSection
	GlobalSection(ProjectConfigurationPlatforms) = postSolution
		{AA3FC5EE-61B0-4CC9-8C0C-FA30A55D123A}.Debug|Any CPU.ActiveCfg = Debug|Any CPU
		{AA3FC5EE-61B0-4CC9-8C0C-FA30A55D123A}.Debug|Any CPU.Build.0 = Debug|Any CPU
		{AA3FC5EE-61B0-4CC9-8C0C-FA30A55D123A}.Release|Any CPU.ActiveCfg = Release|Any CPU
		{AA3FC5EE-61B0-4CC9-8C0C-FA30A55D123A}.Release|Any CPU.Build.0 = Release|Any CPU
	EndGlobalSection
	GlobalSection(SolutionProperties) = preSolution
		HideSolutionNode = FALSE
	EndGlobalSection
	GlobalSection(ExtensibilityGlobals) = postSolution
		SolutionGuid = {17BF09D4-318B-48AC-89EC-10F241F1783E}
	EndGlobalSection
EndGlobal
